// !$*UTF8*$!
{
	archiveVersion = 1;
	classes = {
	};
	objectVersion = 48;
	objects = {

/* Begin PBXBuildFile section */
		0044DE8FEA970B9098CFF430 /* Pods_AliasSampleProjectTests.framework in Frameworks */ = {isa = PBXBuildFile; fileRef = 2E3CB5F3C1E350294A4B63D6 /* Pods_AliasSampleProjectTests.framework */; };
		469BA76D2020200B00F7FC60 /* AppDelegate.swift in Sources */ = {isa = PBXBuildFile; fileRef = 469BA76C2020200B00F7FC60 /* AppDelegate.swift */; };
		469BA76F2020200B00F7FC60 /* RestaurantsController.swift in Sources */ = {isa = PBXBuildFile; fileRef = 469BA76E2020200B00F7FC60 /* RestaurantsController.swift */; };
		469BA7722020200B00F7FC60 /* Main.storyboard in Resources */ = {isa = PBXBuildFile; fileRef = 469BA7702020200B00F7FC60 /* Main.storyboard */; };
		469BA7742020200B00F7FC60 /* Assets.xcassets in Resources */ = {isa = PBXBuildFile; fileRef = 469BA7732020200B00F7FC60 /* Assets.xcassets */; };
		469BA7772020200B00F7FC60 /* LaunchScreen.storyboard in Resources */ = {isa = PBXBuildFile; fileRef = 469BA7752020200B00F7FC60 /* LaunchScreen.storyboard */; };
		469BA7822020200B00F7FC60 /* AliasSampleProjectTests.swift in Sources */ = {isa = PBXBuildFile; fileRef = 469BA7812020200B00F7FC60 /* AliasSampleProjectTests.swift */; };
		469BA78D2020200B00F7FC60 /* AliasSampleProjectUITests.swift in Sources */ = {isa = PBXBuildFile; fileRef = 469BA78C2020200B00F7FC60 /* AliasSampleProjectUITests.swift */; };
		469BA79C202028DD00F7FC60 /* ApiManager.swift in Sources */ = {isa = PBXBuildFile; fileRef = 469BA79B202028DD00F7FC60 /* ApiManager.swift */; };
		469BA79F2020298300F7FC60 /* Business.swift in Sources */ = {isa = PBXBuildFile; fileRef = 469BA79E2020298300F7FC60 /* Business.swift */; };
		469BA7A12020338C00F7FC60 /* LocationMonitor.swift in Sources */ = {isa = PBXBuildFile; fileRef = 469BA7A02020338B00F7FC60 /* LocationMonitor.swift */; };
		469BA7A820208B3700F7FC60 /* GlobalConstants.swift in Sources */ = {isa = PBXBuildFile; fileRef = 469BA7A720208B3700F7FC60 /* GlobalConstants.swift */; };
		469BA7AC20208E0000F7FC60 /* TabBarController.swift in Sources */ = {isa = PBXBuildFile; fileRef = 469BA7AB20208E0000F7FC60 /* TabBarController.swift */; };
		469BA7AF20208E5B00F7FC60 /* Extensions.swift in Sources */ = {isa = PBXBuildFile; fileRef = 469BA7AE20208E5B00F7FC60 /* Extensions.swift */; };
		469BA7B22020917E00F7FC60 /* GroceryStoresController.swift in Sources */ = {isa = PBXBuildFile; fileRef = 469BA7B12020917E00F7FC60 /* GroceryStoresController.swift */; };
		469BA7B52020C0A500F7FC60 /* RestaurantsCell.swift in Sources */ = {isa = PBXBuildFile; fileRef = 469BA7B42020C0A500F7FC60 /* RestaurantsCell.swift */; };
		469BA7B72020C0C200F7FC60 /* GroceryStoresCell.swift in Sources */ = {isa = PBXBuildFile; fileRef = 469BA7B62020C0C200F7FC60 /* GroceryStoresCell.swift */; };
		469BA7B92020EA9300F7FC60 /* BusinessDetailController.swift in Sources */ = {isa = PBXBuildFile; fileRef = 469BA7B82020EA9300F7FC60 /* BusinessDetailController.swift */; };
		892A7162AC31571BBA0496CF /* Pods_AliasSampleProject.framework in Frameworks */ = {isa = PBXBuildFile; fileRef = 60B8D44C6AE71E8945D51155 /* Pods_AliasSampleProject.framework */; };
		AA98FAEAAF6C62355D29D7FF /* Pods_AliasSampleProjectUITests.framework in Frameworks */ = {isa = PBXBuildFile; fileRef = 8DDAA245047A4534FA6329A1 /* Pods_AliasSampleProjectUITests.framework */; };
/* End PBXBuildFile section */

/* Begin PBXContainerItemProxy section */
		469BA77E2020200B00F7FC60 /* PBXContainerItemProxy */ = {
			isa = PBXContainerItemProxy;
			containerPortal = 469BA7612020200B00F7FC60 /* Project object */;
			proxyType = 1;
			remoteGlobalIDString = 469BA7682020200B00F7FC60;
			remoteInfo = AliasSampleProject;
		};
		469BA7892020200B00F7FC60 /* PBXContainerItemProxy */ = {
			isa = PBXContainerItemProxy;
			containerPortal = 469BA7612020200B00F7FC60 /* Project object */;
			proxyType = 1;
			remoteGlobalIDString = 469BA7682020200B00F7FC60;
			remoteInfo = AliasSampleProject;
		};
/* End PBXContainerItemProxy section */

/* Begin PBXFileReference section */
		23D131B197331DFA5731CAC0 /* Pods-AliasSampleProject.debug.xcconfig */ = {isa = PBXFileReference; includeInIndex = 1; lastKnownFileType = text.xcconfig; name = "Pods-AliasSampleProject.debug.xcconfig"; path = "Pods/Target Support Files/Pods-AliasSampleProject/Pods-AliasSampleProject.debug.xcconfig"; sourceTree = "<group>"; };
		23FFA0C7C1DA6D84C298DFC8 /* Pods-AliasSampleProjectUITests.debug.xcconfig */ = {isa = PBXFileReference; includeInIndex = 1; lastKnownFileType = text.xcconfig; name = "Pods-AliasSampleProjectUITests.debug.xcconfig"; path = "Pods/Target Support Files/Pods-AliasSampleProjectUITests/Pods-AliasSampleProjectUITests.debug.xcconfig"; sourceTree = "<group>"; };
		2E3CB5F3C1E350294A4B63D6 /* Pods_AliasSampleProjectTests.framework */ = {isa = PBXFileReference; explicitFileType = wrapper.framework; includeInIndex = 0; path = Pods_AliasSampleProjectTests.framework; sourceTree = BUILT_PRODUCTS_DIR; };
		469BA7692020200B00F7FC60 /* AliasSampleProject.app */ = {isa = PBXFileReference; explicitFileType = wrapper.application; includeInIndex = 0; path = AliasSampleProject.app; sourceTree = BUILT_PRODUCTS_DIR; };
		469BA76C2020200B00F7FC60 /* AppDelegate.swift */ = {isa = PBXFileReference; lastKnownFileType = sourcecode.swift; path = AppDelegate.swift; sourceTree = "<group>"; };
		469BA76E2020200B00F7FC60 /* RestaurantsController.swift */ = {isa = PBXFileReference; lastKnownFileType = sourcecode.swift; path = RestaurantsController.swift; sourceTree = "<group>"; };
		469BA7712020200B00F7FC60 /* Base */ = {isa = PBXFileReference; lastKnownFileType = file.storyboard; name = Base; path = Base.lproj/Main.storyboard; sourceTree = "<group>"; };
		469BA7732020200B00F7FC60 /* Assets.xcassets */ = {isa = PBXFileReference; lastKnownFileType = folder.assetcatalog; path = Assets.xcassets; sourceTree = "<group>"; };
		469BA7762020200B00F7FC60 /* Base */ = {isa = PBXFileReference; lastKnownFileType = file.storyboard; name = Base; path = Base.lproj/LaunchScreen.storyboard; sourceTree = "<group>"; };
		469BA7782020200B00F7FC60 /* Info.plist */ = {isa = PBXFileReference; lastKnownFileType = text.plist.xml; path = Info.plist; sourceTree = "<group>"; };
		469BA77D2020200B00F7FC60 /* AliasSampleProjectTests.xctest */ = {isa = PBXFileReference; explicitFileType = wrapper.cfbundle; includeInIndex = 0; path = AliasSampleProjectTests.xctest; sourceTree = BUILT_PRODUCTS_DIR; };
		469BA7812020200B00F7FC60 /* AliasSampleProjectTests.swift */ = {isa = PBXFileReference; lastKnownFileType = sourcecode.swift; path = AliasSampleProjectTests.swift; sourceTree = "<group>"; };
		469BA7832020200B00F7FC60 /* Info.plist */ = {isa = PBXFileReference; lastKnownFileType = text.plist.xml; path = Info.plist; sourceTree = "<group>"; };
		469BA7882020200B00F7FC60 /* AliasSampleProjectUITests.xctest */ = {isa = PBXFileReference; explicitFileType = wrapper.cfbundle; includeInIndex = 0; path = AliasSampleProjectUITests.xctest; sourceTree = BUILT_PRODUCTS_DIR; };
		469BA78C2020200B00F7FC60 /* AliasSampleProjectUITests.swift */ = {isa = PBXFileReference; lastKnownFileType = sourcecode.swift; path = AliasSampleProjectUITests.swift; sourceTree = "<group>"; };
		469BA78E2020200B00F7FC60 /* Info.plist */ = {isa = PBXFileReference; lastKnownFileType = text.plist.xml; path = Info.plist; sourceTree = "<group>"; };
		469BA79B202028DD00F7FC60 /* ApiManager.swift */ = {isa = PBXFileReference; lastKnownFileType = sourcecode.swift; path = ApiManager.swift; sourceTree = "<group>"; };
		469BA79E2020298300F7FC60 /* Business.swift */ = {isa = PBXFileReference; lastKnownFileType = sourcecode.swift; path = Business.swift; sourceTree = "<group>"; };
		469BA7A02020338B00F7FC60 /* LocationMonitor.swift */ = {isa = PBXFileReference; lastKnownFileType = sourcecode.swift; path = LocationMonitor.swift; sourceTree = "<group>"; };
		469BA7A720208B3700F7FC60 /* GlobalConstants.swift */ = {isa = PBXFileReference; lastKnownFileType = sourcecode.swift; path = GlobalConstants.swift; sourceTree = "<group>"; };
		469BA7AB20208E0000F7FC60 /* TabBarController.swift */ = {isa = PBXFileReference; lastKnownFileType = sourcecode.swift; path = TabBarController.swift; sourceTree = "<group>"; };
		469BA7AE20208E5B00F7FC60 /* Extensions.swift */ = {isa = PBXFileReference; lastKnownFileType = sourcecode.swift; path = Extensions.swift; sourceTree = "<group>"; };
		469BA7B12020917E00F7FC60 /* GroceryStoresController.swift */ = {isa = PBXFileReference; lastKnownFileType = sourcecode.swift; path = GroceryStoresController.swift; sourceTree = "<group>"; };
		469BA7B42020C0A500F7FC60 /* RestaurantsCell.swift */ = {isa = PBXFileReference; lastKnownFileType = sourcecode.swift; path = RestaurantsCell.swift; sourceTree = "<group>"; };
		469BA7B62020C0C200F7FC60 /* GroceryStoresCell.swift */ = {isa = PBXFileReference; lastKnownFileType = sourcecode.swift; path = GroceryStoresCell.swift; sourceTree = "<group>"; };
		469BA7B82020EA9300F7FC60 /* BusinessDetailController.swift */ = {isa = PBXFileReference; lastKnownFileType = sourcecode.swift; path = BusinessDetailController.swift; sourceTree = "<group>"; };
		46E24A1C9A60F14635F2E9D0 /* Pods-AliasSampleProjectTests.debug.xcconfig */ = {isa = PBXFileReference; includeInIndex = 1; lastKnownFileType = text.xcconfig; name = "Pods-AliasSampleProjectTests.debug.xcconfig"; path = "Pods/Target Support Files/Pods-AliasSampleProjectTests/Pods-AliasSampleProjectTests.debug.xcconfig"; sourceTree = "<group>"; };
		60B8D44C6AE71E8945D51155 /* Pods_AliasSampleProject.framework */ = {isa = PBXFileReference; explicitFileType = wrapper.framework; includeInIndex = 0; path = Pods_AliasSampleProject.framework; sourceTree = BUILT_PRODUCTS_DIR; };
		8DDAA245047A4534FA6329A1 /* Pods_AliasSampleProjectUITests.framework */ = {isa = PBXFileReference; explicitFileType = wrapper.framework; includeInIndex = 0; path = Pods_AliasSampleProjectUITests.framework; sourceTree = BUILT_PRODUCTS_DIR; };
		99B3A2171983422065DE23FC /* Pods-AliasSampleProjectTests.release.xcconfig */ = {isa = PBXFileReference; includeInIndex = 1; lastKnownFileType = text.xcconfig; name = "Pods-AliasSampleProjectTests.release.xcconfig"; path = "Pods/Target Support Files/Pods-AliasSampleProjectTests/Pods-AliasSampleProjectTests.release.xcconfig"; sourceTree = "<group>"; };
		D177D1CEA30829A8C2F788DC /* Pods-AliasSampleProject.release.xcconfig */ = {isa = PBXFileReference; includeInIndex = 1; lastKnownFileType = text.xcconfig; name = "Pods-AliasSampleProject.release.xcconfig"; path = "Pods/Target Support Files/Pods-AliasSampleProject/Pods-AliasSampleProject.release.xcconfig"; sourceTree = "<group>"; };
		EBC029E5B96CADB4A91ADC9C /* Pods-AliasSampleProjectUITests.release.xcconfig */ = {isa = PBXFileReference; includeInIndex = 1; lastKnownFileType = text.xcconfig; name = "Pods-AliasSampleProjectUITests.release.xcconfig"; path = "Pods/Target Support Files/Pods-AliasSampleProjectUITests/Pods-AliasSampleProjectUITests.release.xcconfig"; sourceTree = "<group>"; };
/* End PBXFileReference section */

/* Begin PBXFrameworksBuildPhase section */
		469BA7662020200B00F7FC60 /* Frameworks */ = {
			isa = PBXFrameworksBuildPhase;
			buildActionMask = 2147483647;
			files = (
				892A7162AC31571BBA0496CF /* Pods_AliasSampleProject.framework in Frameworks */,
			);
			runOnlyForDeploymentPostprocessing = 0;
		};
		469BA77A2020200B00F7FC60 /* Frameworks */ = {
			isa = PBXFrameworksBuildPhase;
			buildActionMask = 2147483647;
			files = (
				0044DE8FEA970B9098CFF430 /* Pods_AliasSampleProjectTests.framework in Frameworks */,
			);
			runOnlyForDeploymentPostprocessing = 0;
		};
		469BA7852020200B00F7FC60 /* Frameworks */ = {
			isa = PBXFrameworksBuildPhase;
			buildActionMask = 2147483647;
			files = (
				AA98FAEAAF6C62355D29D7FF /* Pods_AliasSampleProjectUITests.framework in Frameworks */,
			);
			runOnlyForDeploymentPostprocessing = 0;
		};
/* End PBXFrameworksBuildPhase section */

/* Begin PBXGroup section */
		2D53A4BA2DEB97ECFB9395A4 /* Frameworks */ = {
			isa = PBXGroup;
			children = (
				60B8D44C6AE71E8945D51155 /* Pods_AliasSampleProject.framework */,
				2E3CB5F3C1E350294A4B63D6 /* Pods_AliasSampleProjectTests.framework */,
				8DDAA245047A4534FA6329A1 /* Pods_AliasSampleProjectUITests.framework */,
			);
			name = Frameworks;
			sourceTree = "<group>";
		};
		469BA7602020200B00F7FC60 = {
			isa = PBXGroup;
			children = (
				469BA76B2020200B00F7FC60 /* AliasSampleProject */,
				469BA7802020200B00F7FC60 /* AliasSampleProjectTests */,
				469BA78B2020200B00F7FC60 /* AliasSampleProjectUITests */,
				469BA76A2020200B00F7FC60 /* Products */,
				7F31143A3607BF45BC7C2918 /* Pods */,
				2D53A4BA2DEB97ECFB9395A4 /* Frameworks */,
			);
			sourceTree = "<group>";
		};
		469BA76A2020200B00F7FC60 /* Products */ = {
			isa = PBXGroup;
			children = (
				469BA7692020200B00F7FC60 /* AliasSampleProject.app */,
				469BA77D2020200B00F7FC60 /* AliasSampleProjectTests.xctest */,
				469BA7882020200B00F7FC60 /* AliasSampleProjectUITests.xctest */,
			);
			name = Products;
			sourceTree = "<group>";
		};
		469BA76B2020200B00F7FC60 /* AliasSampleProject */ = {
			isa = PBXGroup;
			children = (
				469BA7BB20211E9800F7FC60 /* Storyboard */,
				469BA7BA20211E7900F7FC60 /* AppDelegate */,
				469BA7B32020C07900F7FC60 /* Views */,
				469BA7AD20208E4700F7FC60 /* Extension */,
				469BA7A920208D5E00F7FC60 /* Controllers */,
				469BA7A620208B0C00F7FC60 /* Constants */,
				469BA79D2020296D00F7FC60 /* Model */,
				469BA79A202028B100F7FC60 /* Service */,
				469BA7732020200B00F7FC60 /* Assets.xcassets */,
				469BA7752020200B00F7FC60 /* LaunchScreen.storyboard */,
				469BA7782020200B00F7FC60 /* Info.plist */,
			);
			path = AliasSampleProject;
			sourceTree = "<group>";
		};
		469BA7802020200B00F7FC60 /* AliasSampleProjectTests */ = {
			isa = PBXGroup;
			children = (
				469BA7812020200B00F7FC60 /* AliasSampleProjectTests.swift */,
				469BA7832020200B00F7FC60 /* Info.plist */,
			);
			path = AliasSampleProjectTests;
			sourceTree = "<group>";
		};
		469BA78B2020200B00F7FC60 /* AliasSampleProjectUITests */ = {
			isa = PBXGroup;
			children = (
				469BA78C2020200B00F7FC60 /* AliasSampleProjectUITests.swift */,
				469BA78E2020200B00F7FC60 /* Info.plist */,
			);
			path = AliasSampleProjectUITests;
			sourceTree = "<group>";
		};
		469BA79A202028B100F7FC60 /* Service */ = {
			isa = PBXGroup;
			children = (
				469BA79B202028DD00F7FC60 /* ApiManager.swift */,
				469BA7A02020338B00F7FC60 /* LocationMonitor.swift */,
			);
			path = Service;
			sourceTree = "<group>";
		};
		469BA79D2020296D00F7FC60 /* Model */ = {
			isa = PBXGroup;
			children = (
				469BA79E2020298300F7FC60 /* Business.swift */,
			);
			path = Model;
			sourceTree = "<group>";
		};
		469BA7A620208B0C00F7FC60 /* Constants */ = {
			isa = PBXGroup;
			children = (
				469BA7A720208B3700F7FC60 /* GlobalConstants.swift */,
			);
			path = Constants;
			sourceTree = "<group>";
		};
		469BA7A920208D5E00F7FC60 /* Controllers */ = {
			isa = PBXGroup;
			children = (
				469BA7B02020915600F7FC60 /* BusinessesControllers */,
				469BA7AA20208D8600F7FC60 /* TabBarController */,
			);
			path = Controllers;
			sourceTree = "<group>";
		};
		469BA7AA20208D8600F7FC60 /* TabBarController */ = {
			isa = PBXGroup;
			children = (
				469BA7AB20208E0000F7FC60 /* TabBarController.swift */,
			);
			path = TabBarController;
			sourceTree = "<group>";
		};
		469BA7AD20208E4700F7FC60 /* Extension */ = {
			isa = PBXGroup;
			children = (
				469BA7AE20208E5B00F7FC60 /* Extensions.swift */,
			);
			path = Extension;
			sourceTree = "<group>";
		};
		469BA7B02020915600F7FC60 /* BusinessesControllers */ = {
			isa = PBXGroup;
			children = (
				469BA76E2020200B00F7FC60 /* RestaurantsController.swift */,
				469BA7B12020917E00F7FC60 /* GroceryStoresController.swift */,
				469BA7B82020EA9300F7FC60 /* BusinessDetailController.swift */,
			);
			path = BusinessesControllers;
			sourceTree = "<group>";
		};
		469BA7B32020C07900F7FC60 /* Views */ = {
			isa = PBXGroup;
			children = (
				469BA7B42020C0A500F7FC60 /* RestaurantsCell.swift */,
				469BA7B62020C0C200F7FC60 /* GroceryStoresCell.swift */,
			);
			path = Views;
			sourceTree = "<group>";
		};
		469BA7BA20211E7900F7FC60 /* AppDelegate */ = {
			isa = PBXGroup;
			children = (
				469BA76C2020200B00F7FC60 /* AppDelegate.swift */,
			);
			path = AppDelegate;
			sourceTree = "<group>";
		};
		469BA7BB20211E9800F7FC60 /* Storyboard */ = {
			isa = PBXGroup;
			children = (
				469BA7702020200B00F7FC60 /* Main.storyboard */,
			);
			path = Storyboard;
			sourceTree = "<group>";
		};
		7F31143A3607BF45BC7C2918 /* Pods */ = {
			isa = PBXGroup;
			children = (
				23D131B197331DFA5731CAC0 /* Pods-AliasSampleProject.debug.xcconfig */,
				D177D1CEA30829A8C2F788DC /* Pods-AliasSampleProject.release.xcconfig */,
				46E24A1C9A60F14635F2E9D0 /* Pods-AliasSampleProjectTests.debug.xcconfig */,
				99B3A2171983422065DE23FC /* Pods-AliasSampleProjectTests.release.xcconfig */,
				23FFA0C7C1DA6D84C298DFC8 /* Pods-AliasSampleProjectUITests.debug.xcconfig */,
				EBC029E5B96CADB4A91ADC9C /* Pods-AliasSampleProjectUITests.release.xcconfig */,
			);
			name = Pods;
			sourceTree = "<group>";
		};
/* End PBXGroup section */

/* Begin PBXNativeTarget section */
		469BA7682020200B00F7FC60 /* AliasSampleProject */ = {
			isa = PBXNativeTarget;
			buildConfigurationList = 469BA7912020200B00F7FC60 /* Build configuration list for PBXNativeTarget "AliasSampleProject" */;
			buildPhases = (
				559DF1B15D2C0088489BAFFA /* [CP] Check Pods Manifest.lock */,
				469BA7652020200B00F7FC60 /* Sources */,
				469BA7662020200B00F7FC60 /* Frameworks */,
				469BA7672020200B00F7FC60 /* Resources */,
				AD2C6A5698E067128CD04F7A /* [CP] Embed Pods Frameworks */,
				E6425EB1FFDE80F9140AF495 /* [CP] Copy Pods Resources */,
			);
			buildRules = (
			);
			dependencies = (
			);
			name = AliasSampleProject;
			productName = AliasSampleProject;
			productReference = 469BA7692020200B00F7FC60 /* AliasSampleProject.app */;
			productType = "com.apple.product-type.application";
		};
		469BA77C2020200B00F7FC60 /* AliasSampleProjectTests */ = {
			isa = PBXNativeTarget;
			buildConfigurationList = 469BA7942020200B00F7FC60 /* Build configuration list for PBXNativeTarget "AliasSampleProjectTests" */;
			buildPhases = (
				048DFCCEED22D2AF011D15FC /* [CP] Check Pods Manifest.lock */,
				469BA7792020200B00F7FC60 /* Sources */,
				469BA77A2020200B00F7FC60 /* Frameworks */,
				469BA77B2020200B00F7FC60 /* Resources */,
				E7F857DBAED405BD0B4643FC /* [CP] Embed Pods Frameworks */,
				57F9717C50DE670E3D30CDE6 /* [CP] Copy Pods Resources */,
			);
			buildRules = (
			);
			dependencies = (
				469BA77F2020200B00F7FC60 /* PBXTargetDependency */,
			);
			name = AliasSampleProjectTests;
			productName = AliasSampleProjectTests;
			productReference = 469BA77D2020200B00F7FC60 /* AliasSampleProjectTests.xctest */;
			productType = "com.apple.product-type.bundle.unit-test";
		};
		469BA7872020200B00F7FC60 /* AliasSampleProjectUITests */ = {
			isa = PBXNativeTarget;
			buildConfigurationList = 469BA7972020200B00F7FC60 /* Build configuration list for PBXNativeTarget "AliasSampleProjectUITests" */;
			buildPhases = (
				750F9369F40E47C6BA94F820 /* [CP] Check Pods Manifest.lock */,
				469BA7842020200B00F7FC60 /* Sources */,
				469BA7852020200B00F7FC60 /* Frameworks */,
				469BA7862020200B00F7FC60 /* Resources */,
				6598B7FAB45AD2A35CEF7A7A /* [CP] Embed Pods Frameworks */,
				6A392F31B0E76DFE0437F1FE /* [CP] Copy Pods Resources */,
			);
			buildRules = (
			);
			dependencies = (
				469BA78A2020200B00F7FC60 /* PBXTargetDependency */,
			);
			name = AliasSampleProjectUITests;
			productName = AliasSampleProjectUITests;
			productReference = 469BA7882020200B00F7FC60 /* AliasSampleProjectUITests.xctest */;
			productType = "com.apple.product-type.bundle.ui-testing";
		};
/* End PBXNativeTarget section */

/* Begin PBXProject section */
		469BA7612020200B00F7FC60 /* Project object */ = {
			isa = PBXProject;
			attributes = {
				LastSwiftUpdateCheck = 0920;
				LastUpgradeCheck = 0920;
				ORGANIZATIONNAME = stan;
				TargetAttributes = {
					469BA7682020200B00F7FC60 = {
						CreatedOnToolsVersion = 9.2;
						ProvisioningStyle = Automatic;
					};
					469BA77C2020200B00F7FC60 = {
						CreatedOnToolsVersion = 9.2;
						ProvisioningStyle = Automatic;
						TestTargetID = 469BA7682020200B00F7FC60;
					};
					469BA7872020200B00F7FC60 = {
						CreatedOnToolsVersion = 9.2;
						ProvisioningStyle = Automatic;
						TestTargetID = 469BA7682020200B00F7FC60;
					};
				};
			};
			buildConfigurationList = 469BA7642020200B00F7FC60 /* Build configuration list for PBXProject "AliasSampleProject" */;
			compatibilityVersion = "Xcode 8.0";
			developmentRegion = en;
			hasScannedForEncodings = 0;
			knownRegions = (
				en,
				Base,
			);
			mainGroup = 469BA7602020200B00F7FC60;
			productRefGroup = 469BA76A2020200B00F7FC60 /* Products */;
			projectDirPath = "";
			projectRoot = "";
			targets = (
				469BA7682020200B00F7FC60 /* AliasSampleProject */,
				469BA77C2020200B00F7FC60 /* AliasSampleProjectTests */,
				469BA7872020200B00F7FC60 /* AliasSampleProjectUITests */,
			);
		};
/* End PBXProject section */

/* Begin PBXResourcesBuildPhase section */
		469BA7672020200B00F7FC60 /* Resources */ = {
			isa = PBXResourcesBuildPhase;
			buildActionMask = 2147483647;
			files = (
				469BA7772020200B00F7FC60 /* LaunchScreen.storyboard in Resources */,
				469BA7742020200B00F7FC60 /* Assets.xcassets in Resources */,
				469BA7722020200B00F7FC60 /* Main.storyboard in Resources */,
			);
			runOnlyForDeploymentPostprocessing = 0;
		};
		469BA77B2020200B00F7FC60 /* Resources */ = {
			isa = PBXResourcesBuildPhase;
			buildActionMask = 2147483647;
			files = (
			);
			runOnlyForDeploymentPostprocessing = 0;
		};
		469BA7862020200B00F7FC60 /* Resources */ = {
			isa = PBXResourcesBuildPhase;
			buildActionMask = 2147483647;
			files = (
			);
			runOnlyForDeploymentPostprocessing = 0;
		};
/* End PBXResourcesBuildPhase section */

/* Begin PBXShellScriptBuildPhase section */
		048DFCCEED22D2AF011D15FC /* [CP] Check Pods Manifest.lock */ = {
			isa = PBXShellScriptBuildPhase;
			buildActionMask = 2147483647;
			files = (
			);
			inputPaths = (
				"${PODS_PODFILE_DIR_PATH}/Podfile.lock",
				"${PODS_ROOT}/Manifest.lock",
			);
			name = "[CP] Check Pods Manifest.lock";
			outputPaths = (
				"$(DERIVED_FILE_DIR)/Pods-AliasSampleProjectTests-checkManifestLockResult.txt",
			);
			runOnlyForDeploymentPostprocessing = 0;
			shellPath = /bin/sh;
			shellScript = "diff \"${PODS_PODFILE_DIR_PATH}/Podfile.lock\" \"${PODS_ROOT}/Manifest.lock\" > /dev/null\nif [ $? != 0 ] ; then\n    # print error to STDERR\n    echo \"error: The sandbox is not in sync with the Podfile.lock. Run 'pod install' or update your CocoaPods installation.\" >&2\n    exit 1\nfi\n# This output is used by Xcode 'outputs' to avoid re-running this script phase.\necho \"SUCCESS\" > \"${SCRIPT_OUTPUT_FILE_0}\"\n";
			showEnvVarsInLog = 0;
		};
		559DF1B15D2C0088489BAFFA /* [CP] Check Pods Manifest.lock */ = {
			isa = PBXShellScriptBuildPhase;
			buildActionMask = 2147483647;
			files = (
			);
			inputPaths = (
				"${PODS_PODFILE_DIR_PATH}/Podfile.lock",
				"${PODS_ROOT}/Manifest.lock",
			);
			name = "[CP] Check Pods Manifest.lock";
			outputPaths = (
				"$(DERIVED_FILE_DIR)/Pods-AliasSampleProject-checkManifestLockResult.txt",
			);
			runOnlyForDeploymentPostprocessing = 0;
			shellPath = /bin/sh;
			shellScript = "diff \"${PODS_PODFILE_DIR_PATH}/Podfile.lock\" \"${PODS_ROOT}/Manifest.lock\" > /dev/null\nif [ $? != 0 ] ; then\n    # print error to STDERR\n    echo \"error: The sandbox is not in sync with the Podfile.lock. Run 'pod install' or update your CocoaPods installation.\" >&2\n    exit 1\nfi\n# This output is used by Xcode 'outputs' to avoid re-running this script phase.\necho \"SUCCESS\" > \"${SCRIPT_OUTPUT_FILE_0}\"\n";
			showEnvVarsInLog = 0;
		};
		57F9717C50DE670E3D30CDE6 /* [CP] Copy Pods Resources */ = {
			isa = PBXShellScriptBuildPhase;
			buildActionMask = 2147483647;
			files = (
			);
			inputPaths = (
			);
			name = "[CP] Copy Pods Resources";
			outputPaths = (
			);
			runOnlyForDeploymentPostprocessing = 0;
			shellPath = /bin/sh;
			shellScript = "\"${SRCROOT}/Pods/Target Support Files/Pods-AliasSampleProjectTests/Pods-AliasSampleProjectTests-resources.sh\"\n";
			showEnvVarsInLog = 0;
		};
		6598B7FAB45AD2A35CEF7A7A /* [CP] Embed Pods Frameworks */ = {
			isa = PBXShellScriptBuildPhase;
			buildActionMask = 2147483647;
			files = (
			);
			inputPaths = (
			);
			name = "[CP] Embed Pods Frameworks";
			outputPaths = (
			);
			runOnlyForDeploymentPostprocessing = 0;
			shellPath = /bin/sh;
			shellScript = "\"${SRCROOT}/Pods/Target Support Files/Pods-AliasSampleProjectUITests/Pods-AliasSampleProjectUITests-frameworks.sh\"\n";
			showEnvVarsInLog = 0;
		};
		6A392F31B0E76DFE0437F1FE /* [CP] Copy Pods Resources */ = {
			isa = PBXShellScriptBuildPhase;
			buildActionMask = 2147483647;
			files = (
			);
			inputPaths = (
			);
			name = "[CP] Copy Pods Resources";
			outputPaths = (
			);
			runOnlyForDeploymentPostprocessing = 0;
			shellPath = /bin/sh;
			shellScript = "\"${SRCROOT}/Pods/Target Support Files/Pods-AliasSampleProjectUITests/Pods-AliasSampleProjectUITests-resources.sh\"\n";
			showEnvVarsInLog = 0;
		};
		750F9369F40E47C6BA94F820 /* [CP] Check Pods Manifest.lock */ = {
			isa = PBXShellScriptBuildPhase;
			buildActionMask = 2147483647;
			files = (
			);
			inputPaths = (
				"${PODS_PODFILE_DIR_PATH}/Podfile.lock",
				"${PODS_ROOT}/Manifest.lock",
			);
			name = "[CP] Check Pods Manifest.lock";
			outputPaths = (
				"$(DERIVED_FILE_DIR)/Pods-AliasSampleProjectUITests-checkManifestLockResult.txt",
			);
			runOnlyForDeploymentPostprocessing = 0;
			shellPath = /bin/sh;
			shellScript = "diff \"${PODS_PODFILE_DIR_PATH}/Podfile.lock\" \"${PODS_ROOT}/Manifest.lock\" > /dev/null\nif [ $? != 0 ] ; then\n    # print error to STDERR\n    echo \"error: The sandbox is not in sync with the Podfile.lock. Run 'pod install' or update your CocoaPods installation.\" >&2\n    exit 1\nfi\n# This output is used by Xcode 'outputs' to avoid re-running this script phase.\necho \"SUCCESS\" > \"${SCRIPT_OUTPUT_FILE_0}\"\n";
			showEnvVarsInLog = 0;
		};
		AD2C6A5698E067128CD04F7A /* [CP] Embed Pods Frameworks */ = {
			isa = PBXShellScriptBuildPhase;
			buildActionMask = 2147483647;
			files = (
			);
			inputPaths = (
				"${SRCROOT}/Pods/Target Support Files/Pods-AliasSampleProject/Pods-AliasSampleProject-frameworks.sh",
				"${BUILT_PRODUCTS_DIR}/Alamofire/Alamofire.framework",
				"${BUILT_PRODUCTS_DIR}/Font-Awesome-Swift/Font_Awesome_Swift.framework",
				"${BUILT_PRODUCTS_DIR}/SwiftyJSON/SwiftyJSON.framework",
			);
			name = "[CP] Embed Pods Frameworks";
			outputPaths = (
				"${TARGET_BUILD_DIR}/${FRAMEWORKS_FOLDER_PATH}/Alamofire.framework",
				"${TARGET_BUILD_DIR}/${FRAMEWORKS_FOLDER_PATH}/Font_Awesome_Swift.framework",
				"${TARGET_BUILD_DIR}/${FRAMEWORKS_FOLDER_PATH}/SwiftyJSON.framework",
			);
			runOnlyForDeploymentPostprocessing = 0;
			shellPath = /bin/sh;
			shellScript = "\"${SRCROOT}/Pods/Target Support Files/Pods-AliasSampleProject/Pods-AliasSampleProject-frameworks.sh\"\n";
			showEnvVarsInLog = 0;
		};
		E6425EB1FFDE80F9140AF495 /* [CP] Copy Pods Resources */ = {
			isa = PBXShellScriptBuildPhase;
			buildActionMask = 2147483647;
			files = (
			);
			inputPaths = (
			);
			name = "[CP] Copy Pods Resources";
			outputPaths = (
			);
			runOnlyForDeploymentPostprocessing = 0;
			shellPath = /bin/sh;
			shellScript = "\"${SRCROOT}/Pods/Target Support Files/Pods-AliasSampleProject/Pods-AliasSampleProject-resources.sh\"\n";
			showEnvVarsInLog = 0;
		};
		E7F857DBAED405BD0B4643FC /* [CP] Embed Pods Frameworks */ = {
			isa = PBXShellScriptBuildPhase;
			buildActionMask = 2147483647;
			files = (
			);
			inputPaths = (
			);
			name = "[CP] Embed Pods Frameworks";
			outputPaths = (
			);
			runOnlyForDeploymentPostprocessing = 0;
			shellPath = /bin/sh;
			shellScript = "\"${SRCROOT}/Pods/Target Support Files/Pods-AliasSampleProjectTests/Pods-AliasSampleProjectTests-frameworks.sh\"\n";
			showEnvVarsInLog = 0;
		};
/* End PBXShellScriptBuildPhase section */

/* Begin PBXSourcesBuildPhase section */
		469BA7652020200B00F7FC60 /* Sources */ = {
			isa = PBXSourcesBuildPhase;
			buildActionMask = 2147483647;
			files = (
				469BA7B92020EA9300F7FC60 /* BusinessDetailController.swift in Sources */,
				469BA76F2020200B00F7FC60 /* RestaurantsController.swift in Sources */,
				469BA79F2020298300F7FC60 /* Business.swift in Sources */,
				469BA7B22020917E00F7FC60 /* GroceryStoresController.swift in Sources */,
				469BA7A12020338C00F7FC60 /* LocationMonitor.swift in Sources */,
				469BA7AF20208E5B00F7FC60 /* Extensions.swift in Sources */,
				469BA7B72020C0C200F7FC60 /* GroceryStoresCell.swift in Sources */,
				469BA79C202028DD00F7FC60 /* ApiManager.swift in Sources */,
				469BA7AC20208E0000F7FC60 /* TabBarController.swift in Sources */,
				469BA7A820208B3700F7FC60 /* GlobalConstants.swift in Sources */,
				469BA7B52020C0A500F7FC60 /* RestaurantsCell.swift in Sources */,
				469BA76D2020200B00F7FC60 /* AppDelegate.swift in Sources */,
			);
			runOnlyForDeploymentPostprocessing = 0;
		};
		469BA7792020200B00F7FC60 /* Sources */ = {
			isa = PBXSourcesBuildPhase;
			buildActionMask = 2147483647;
			files = (
				469BA7822020200B00F7FC60 /* AliasSampleProjectTests.swift in Sources */,
			);
			runOnlyForDeploymentPostprocessing = 0;
		};
		469BA7842020200B00F7FC60 /* Sources */ = {
			isa = PBXSourcesBuildPhase;
			buildActionMask = 2147483647;
			files = (
				469BA78D2020200B00F7FC60 /* AliasSampleProjectUITests.swift in Sources */,
			);
			runOnlyForDeploymentPostprocessing = 0;
		};
/* End PBXSourcesBuildPhase section */

/* Begin PBXTargetDependency section */
		469BA77F2020200B00F7FC60 /* PBXTargetDependency */ = {
			isa = PBXTargetDependency;
			target = 469BA7682020200B00F7FC60 /* AliasSampleProject */;
			targetProxy = 469BA77E2020200B00F7FC60 /* PBXContainerItemProxy */;
		};
		469BA78A2020200B00F7FC60 /* PBXTargetDependency */ = {
			isa = PBXTargetDependency;
			target = 469BA7682020200B00F7FC60 /* AliasSampleProject */;
			targetProxy = 469BA7892020200B00F7FC60 /* PBXContainerItemProxy */;
		};
/* End PBXTargetDependency section */

/* Begin PBXVariantGroup section */
		469BA7702020200B00F7FC60 /* Main.storyboard */ = {
			isa = PBXVariantGroup;
			children = (
				469BA7712020200B00F7FC60 /* Base */,
			);
			name = Main.storyboard;
			sourceTree = "<group>";
		};
		469BA7752020200B00F7FC60 /* LaunchScreen.storyboard */ = {
			isa = PBXVariantGroup;
			children = (
				469BA7762020200B00F7FC60 /* Base */,
			);
			name = LaunchScreen.storyboard;
			sourceTree = "<group>";
		};
/* End PBXVariantGroup section */

/* Begin XCBuildConfiguration section */
		469BA78F2020200B00F7FC60 /* Debug */ = {
			isa = XCBuildConfiguration;
			buildSettings = {
				ALWAYS_SEARCH_USER_PATHS = NO;
				CLANG_ANALYZER_NONNULL = YES;
				CLANG_ANALYZER_NUMBER_OBJECT_CONVERSION = YES_AGGRESSIVE;
				CLANG_CXX_LANGUAGE_STANDARD = "gnu++14";
				CLANG_CXX_LIBRARY = "libc++";
				CLANG_ENABLE_MODULES = YES;
				CLANG_ENABLE_OBJC_ARC = YES;
				CLANG_WARN_BLOCK_CAPTURE_AUTORELEASING = YES;
				CLANG_WARN_BOOL_CONVERSION = YES;
				CLANG_WARN_COMMA = YES;
				CLANG_WARN_CONSTANT_CONVERSION = YES;
				CLANG_WARN_DIRECT_OBJC_ISA_USAGE = YES_ERROR;
				CLANG_WARN_DOCUMENTATION_COMMENTS = YES;
				CLANG_WARN_EMPTY_BODY = YES;
				CLANG_WARN_ENUM_CONVERSION = YES;
				CLANG_WARN_INFINITE_RECURSION = YES;
				CLANG_WARN_INT_CONVERSION = YES;
				CLANG_WARN_NON_LITERAL_NULL_CONVERSION = YES;
				CLANG_WARN_OBJC_LITERAL_CONVERSION = YES;
				CLANG_WARN_OBJC_ROOT_CLASS = YES_ERROR;
				CLANG_WARN_RANGE_LOOP_ANALYSIS = YES;
				CLANG_WARN_STRICT_PROTOTYPES = YES;
				CLANG_WARN_SUSPICIOUS_MOVE = YES;
				CLANG_WARN_UNGUARDED_AVAILABILITY = YES_AGGRESSIVE;
				CLANG_WARN_UNREACHABLE_CODE = YES;
				CLANG_WARN__DUPLICATE_METHOD_MATCH = YES;
				CODE_SIGN_IDENTITY = "iPhone Developer";
				COPY_PHASE_STRIP = NO;
				DEBUG_INFORMATION_FORMAT = dwarf;
				ENABLE_STRICT_OBJC_MSGSEND = YES;
				ENABLE_TESTABILITY = YES;
				GCC_C_LANGUAGE_STANDARD = gnu11;
				GCC_DYNAMIC_NO_PIC = NO;
				GCC_NO_COMMON_BLOCKS = YES;
				GCC_OPTIMIZATION_LEVEL = 0;
				GCC_PREPROCESSOR_DEFINITIONS = (
					"DEBUG=1",
					"$(inherited)",
				);
				GCC_WARN_64_TO_32_BIT_CONVERSION = YES;
				GCC_WARN_ABOUT_RETURN_TYPE = YES_ERROR;
				GCC_WARN_UNDECLARED_SELECTOR = YES;
				GCC_WARN_UNINITIALIZED_AUTOS = YES_AGGRESSIVE;
				GCC_WARN_UNUSED_FUNCTION = YES;
				GCC_WARN_UNUSED_VARIABLE = YES;
				IPHONEOS_DEPLOYMENT_TARGET = 11.2;
				MTL_ENABLE_DEBUG_INFO = YES;
				ONLY_ACTIVE_ARCH = YES;
				SDKROOT = iphoneos;
				SWIFT_ACTIVE_COMPILATION_CONDITIONS = DEBUG;
				SWIFT_OPTIMIZATION_LEVEL = "-Onone";
			};
			name = Debug;
		};
		469BA7902020200B00F7FC60 /* Release */ = {
			isa = XCBuildConfiguration;
			buildSettings = {
				ALWAYS_SEARCH_USER_PATHS = NO;
				CLANG_ANALYZER_NONNULL = YES;
				CLANG_ANALYZER_NUMBER_OBJECT_CONVERSION = YES_AGGRESSIVE;
				CLANG_CXX_LANGUAGE_STANDARD = "gnu++14";
				CLANG_CXX_LIBRARY = "libc++";
				CLANG_ENABLE_MODULES = YES;
				CLANG_ENABLE_OBJC_ARC = YES;
				CLANG_WARN_BLOCK_CAPTURE_AUTORELEASING = YES;
				CLANG_WARN_BOOL_CONVERSION = YES;
				CLANG_WARN_COMMA = YES;
				CLANG_WARN_CONSTANT_CONVERSION = YES;
				CLANG_WARN_DIRECT_OBJC_ISA_USAGE = YES_ERROR;
				CLANG_WARN_DOCUMENTATION_COMMENTS = YES;
				CLANG_WARN_EMPTY_BODY = YES;
				CLANG_WARN_ENUM_CONVERSION = YES;
				CLANG_WARN_INFINITE_RECURSION = YES;
				CLANG_WARN_INT_CONVERSION = YES;
				CLANG_WARN_NON_LITERAL_NULL_CONVERSION = YES;
				CLANG_WARN_OBJC_LITERAL_CONVERSION = YES;
				CLANG_WARN_OBJC_ROOT_CLASS = YES_ERROR;
				CLANG_WARN_RANGE_LOOP_ANALYSIS = YES;
				CLANG_WARN_STRICT_PROTOTYPES = YES;
				CLANG_WARN_SUSPICIOUS_MOVE = YES;
				CLANG_WARN_UNGUARDED_AVAILABILITY = YES_AGGRESSIVE;
				CLANG_WARN_UNREACHABLE_CODE = YES;
				CLANG_WARN__DUPLICATE_METHOD_MATCH = YES;
				CODE_SIGN_IDENTITY = "iPhone Developer";
				COPY_PHASE_STRIP = NO;
				DEBUG_INFORMATION_FORMAT = "dwarf-with-dsym";
				ENABLE_NS_ASSERTIONS = NO;
				ENABLE_STRICT_OBJC_MSGSEND = YES;
				GCC_C_LANGUAGE_STANDARD = gnu11;
				GCC_NO_COMMON_BLOCKS = YES;
				GCC_WARN_64_TO_32_BIT_CONVERSION = YES;
				GCC_WARN_ABOUT_RETURN_TYPE = YES_ERROR;
				GCC_WARN_UNDECLARED_SELECTOR = YES;
				GCC_WARN_UNINITIALIZED_AUTOS = YES_AGGRESSIVE;
				GCC_WARN_UNUSED_FUNCTION = YES;
				GCC_WARN_UNUSED_VARIABLE = YES;
				IPHONEOS_DEPLOYMENT_TARGET = 11.2;
				MTL_ENABLE_DEBUG_INFO = NO;
				SDKROOT = iphoneos;
				SWIFT_OPTIMIZATION_LEVEL = "-Owholemodule";
				VALIDATE_PRODUCT = YES;
			};
			name = Release;
		};
		469BA7922020200B00F7FC60 /* Debug */ = {
			isa = XCBuildConfiguration;
			baseConfigurationReference = 23D131B197331DFA5731CAC0 /* Pods-AliasSampleProject.debug.xcconfig */;
			buildSettings = {
				ASSETCATALOG_COMPILER_APPICON_NAME = AppIcon;
				CODE_SIGN_STYLE = Automatic;
				DEVELOPMENT_TEAM = YH8GHTGE4A;
				INFOPLIST_FILE = AliasSampleProject/Info.plist;
				IPHONEOS_DEPLOYMENT_TARGET = 10.0;
				LD_RUNPATH_SEARCH_PATHS = "$(inherited) @executable_path/Frameworks";
				PRODUCT_BUNDLE_IDENTIFIER = stan.AliasSampleProject;
				PRODUCT_NAME = "$(TARGET_NAME)";
				SWIFT_VERSION = 4.0;
				TARGETED_DEVICE_FAMILY = "1,2";
			};
			name = Debug;
		};
		469BA7932020200B00F7FC60 /* Release */ = {
			isa = XCBuildConfiguration;
			baseConfigurationReference = D177D1CEA30829A8C2F788DC /* Pods-AliasSampleProject.release.xcconfig */;
			buildSettings = {
				ASSETCATALOG_COMPILER_APPICON_NAME = AppIcon;
				CODE_SIGN_STYLE = Automatic;
				DEVELOPMENT_TEAM = YH8GHTGE4A;
				INFOPLIST_FILE = AliasSampleProject/Info.plist;
				IPHONEOS_DEPLOYMENT_TARGET = 10.0;
				LD_RUNPATH_SEARCH_PATHS = "$(inherited) @executable_path/Frameworks";
				PRODUCT_BUNDLE_IDENTIFIER = stan.AliasSampleProject;
				PRODUCT_NAME = "$(TARGET_NAME)";
				SWIFT_VERSION = 4.0;
				TARGETED_DEVICE_FAMILY = "1,2";
			};
			name = Release;
		};
		469BA7952020200B00F7FC60 /* Debug */ = {
			isa = XCBuildConfiguration;
			baseConfigurationReference = 46E24A1C9A60F14635F2E9D0 /* Pods-AliasSampleProjectTests.debug.xcconfig */;
			buildSettings = {
				ALWAYS_EMBED_SWIFT_STANDARD_LIBRARIES = YES;
				BUNDLE_LOADER = "$(TEST_HOST)";
				CODE_SIGN_STYLE = Automatic;
				DEVELOPMENT_TEAM = YH8GHTGE4A;
				INFOPLIST_FILE = AliasSampleProjectTests/Info.plist;
				LD_RUNPATH_SEARCH_PATHS = "$(inherited) @executable_path/Frameworks @loader_path/Frameworks";
				PRODUCT_BUNDLE_IDENTIFIER = stan.AliasSampleProjectTests;
				PRODUCT_NAME = "$(TARGET_NAME)";
				SWIFT_VERSION = 4.0;
				TARGETED_DEVICE_FAMILY = "1,2";
				TEST_HOST = "$(BUILT_PRODUCTS_DIR)/AliasSampleProject.app/AliasSampleProject";
			};
			name = Debug;
		};
		469BA7962020200B00F7FC60 /* Release */ = {
			isa = XCBuildConfiguration;
			baseConfigurationReference = 99B3A2171983422065DE23FC /* Pods-AliasSampleProjectTests.release.xcconfig */;
			buildSettings = {
				ALWAYS_EMBED_SWIFT_STANDARD_LIBRARIES = YES;
				BUNDLE_LOADER = "$(TEST_HOST)";
				CODE_SIGN_STYLE = Automatic;
				DEVELOPMENT_TEAM = YH8GHTGE4A;
				INFOPLIST_FILE = AliasSampleProjectTests/Info.plist;
				LD_RUNPATH_SEARCH_PATHS = "$(inherited) @executable_path/Frameworks @loader_path/Frameworks";
				PRODUCT_BUNDLE_IDENTIFIER = stan.AliasSampleProjectTests;
				PRODUCT_NAME = "$(TARGET_NAME)";
				SWIFT_VERSION = 4.0;
				TARGETED_DEVICE_FAMILY = "1,2";
				TEST_HOST = "$(BUILT_PRODUCTS_DIR)/AliasSampleProject.app/AliasSampleProject";
			};
			name = Release;
		};
		469BA7982020200B00F7FC60 /* Debug */ = {
			isa = XCBuildConfiguration;
			baseConfigurationReference = 23FFA0C7C1DA6D84C298DFC8 /* Pods-AliasSampleProjectUITests.debug.xcconfig */;
			buildSettings = {
				ALWAYS_EMBED_SWIFT_STANDARD_LIBRARIES = YES;
				CODE_SIGN_STYLE = Automatic;
				DEVELOPMENT_TEAM = YH8GHTGE4A;
				INFOPLIST_FILE = AliasSampleProjectUITests/Info.plist;
				LD_RUNPATH_SEARCH_PATHS = "$(inherited) @executable_path/Frameworks @loader_path/Frameworks";
				PRODUCT_BUNDLE_IDENTIFIER = stan.AliasSampleProjectUITests;
				PRODUCT_NAME = "$(TARGET_NAME)";
				SWIFT_VERSION = 4.0;
				TARGETED_DEVICE_FAMILY = "1,2";
				TEST_TARGET_NAME = AliasSampleProject;
			};
			name = Debug;
		};
		469BA7992020200B00F7FC60 /* Release */ = {
			isa = XCBuildConfiguration;
			baseConfigurationReference = EBC029E5B96CADB4A91ADC9C /* Pods-AliasSampleProjectUITests.release.xcconfig */;
			buildSettings = {
				ALWAYS_EMBED_SWIFT_STANDARD_LIBRARIES = YES;
				CODE_SIGN_STYLE = Automatic;
				DEVELOPMENT_TEAM = YH8GHTGE4A;
				INFOPLIST_FILE = AliasSampleProjectUITests/Info.plist;
				LD_RUNPATH_SEARCH_PATHS = "$(inherited) @executable_path/Frameworks @loader_path/Frameworks";
				PRODUCT_BUNDLE_IDENTIFIER = stan.AliasSampleProjectUITests;
				PRODUCT_NAME = "$(TARGET_NAME)";
				SWIFT_VERSION = 4.0;
				TARGETED_DEVICE_FAMILY = "1,2";
				TEST_TARGET_NAME = AliasSampleProject;
			};
			name = Release;
		};
/* End XCBuildConfiguration section */

/* Begin XCConfigurationList section */
		469BA7642020200B00F7FC60 /* Build configuration list for PBXProject "AliasSampleProject" */ = {
			isa = XCConfigurationList;
			buildConfigurations = (
				469BA78F2020200B00F7FC60 /* Debug */,
				469BA7902020200B00F7FC60 /* Release */,
			);
			defaultConfigurationIsVisible = 0;
			defaultConfigurationName = Release;
		};
		469BA7912020200B00F7FC60 /* Build configuration list for PBXNativeTarget "AliasSampleProject" */ = {
			isa = XCConfigurationList;
			buildConfigurations = (
				469BA7922020200B00F7FC60 /* Debug */,
				469BA7932020200B00F7FC60 /* Release */,
			);
			defaultConfigurationIsVisible = 0;
			defaultConfigurationName = Release;
		};
		469BA7942020200B00F7FC60 /* Build configuration list for PBXNativeTarget "AliasSampleProjectTests" */ = {
			isa = XCConfigurationList;
			buildConfigurations = (
				469BA7952020200B00F7FC60 /* Debug */,
				469BA7962020200B00F7FC60 /* Release */,
			);
			defaultConfigurationIsVisible = 0;
			defaultConfigurationName = Release;
		};
		469BA7972020200B00F7FC60 /* Build configuration list for PBXNativeTarget "AliasSampleProjectUITests" */ = {
			isa = XCConfigurationList;
			buildConfigurations = (
				469BA7982020200B00F7FC60 /* Debug */,
				469BA7992020200B00F7FC60 /* Release */,
			);
			defaultConfigurationIsVisible = 0;
			defaultConfigurationName = Release;
		};
/* End XCConfigurationList section */
	};
	rootObject = 469BA7612020200B00F7FC60 /* Project object */;
}
